
Microsoft Visual Studio Solution File, Format Version 12.00
# Visual Studio Version 17
VisualStudioVersion = 17.2.32505.173
MinimumVisualStudioVersion = 10.0.40219.1
Project("{2150E333-8FDC-42A3-9474-1A3956D46DE8}") = "CartingService", "CartingService", "{C811A3B2-B60D-4C9F-98AE-64AA2DE51E1F}"
EndProject
Project("{9A19103F-16F7-4668-BE54-9A1E7A4F7556}") = "CartingService", "CartingService\CartingService.csproj", "{83349D85-B05F-4717-8136-03554C286339}"
EndProject
Project("{2150E333-8FDC-42A3-9474-1A3956D46DE8}") = "CatalogService", "CatalogService", "{67B94990-DF3F-4573-A89A-95684DA4E728}"
EndProject
Project("{9A19103F-16F7-4668-BE54-9A1E7A4F7556}") = "CatalogService.Domain", "CatalogService.Domain\CatalogService.Domain.csproj", "{8A497DFC-DEDB-4BD6-B6B3-D66A47E2F2D5}"
EndProject
Project("{9A19103F-16F7-4668-BE54-9A1E7A4F7556}") = "CategoryService.Application", "CategoryService.Application\CategoryService.Application.csproj", "{6D2FDAEA-E1CE-47CD-AA39-DBA18F5D8957}"
EndProject
Project("{9A19103F-16F7-4668-BE54-9A1E7A4F7556}") = "CatalogService.Infrastructure", "CatalogService.Infrastructure\CatalogService.Infrastructure.csproj", "{FC3FE491-6EB6-441A-A5A5-6F5141D14095}"
EndProject
Project("{9A19103F-16F7-4668-BE54-9A1E7A4F7556}") = "CartingService.Api", "CartingService.Api\CartingService.Api.csproj", "{60EF688B-439A-4205-868D-44B5B7A669DD}"
EndProject
Project("{9A19103F-16F7-4668-BE54-9A1E7A4F7556}") = "CatalogService.Api", "CatalogService.Api\CatalogService.Api.csproj", "{54AC9580-1C36-4541-83DA-88555A0E753D}"
EndProject
Project("{2150E333-8FDC-42A3-9474-1A3956D46DE8}") = "Notification", "Notification", "{3DE18C4D-0C04-4451-A468-E8300ADB07A9}"
EndProject
Project("{9A19103F-16F7-4668-BE54-9A1E7A4F7556}") = "NotificationClient", "NotificationClient\NotificationClient.csproj", "{6993F966-A5F1-4DA3-98D9-830E3C9BD22C}"
EndProject
Project("{2150E333-8FDC-42A3-9474-1A3956D46DE8}") = "Solution Items", "Solution Items", "{CF0D4242-1A15-41F6-943B-241BD06E5498}"
	ProjectSection(SolutionItems) = preProject
		Cart.db = Cart.db
		IAMs.db = IAMs.db
	EndProjectSection
EndProject
Project("{9A19103F-16F7-4668-BE54-9A1E7A4F7556}") = "ItemChangedListener", "ItemChangedListener\ItemChangedListener.csproj", "{DD68148C-9B3A-41EE-A5AB-69E062EBFC7C}"
EndProject
Project("{2150E333-8FDC-42A3-9474-1A3956D46DE8}") = "Auth", "Auth", "{000FAC12-629F-4BAD-BA71-E267C3C64289}"
EndProject
Project("{9A19103F-16F7-4668-BE54-9A1E7A4F7556}") = "IdentityServer", "IdentityServer\IdentityServer.csproj", "{A54AD6B2-BC1C-41D5-8061-D73AA6426386}"
EndProject
Project("{9A19103F-16F7-4668-BE54-9A1E7A4F7556}") = "IdentityServiceClient", "IdentityServiceClient\IdentityServiceClient.csproj", "{9C8CCF32-EC74-4633-8775-A627929D44E0}"
EndProject
Project("{FAE04EC0-301F-11D3-BF4B-00C04F79EFBC}") = "ApiGateway", "ApiGateway\ApiGateway.csproj", "{AAC49C3F-6A97-4504-A8E8-455AADE8062F}"
EndProject
Global
	GlobalSection(SolutionConfigurationPlatforms) = preSolution
		Debug|Any CPU = Debug|Any CPU
		Release|Any CPU = Release|Any CPU
	EndGlobalSection
	GlobalSection(ProjectConfigurationPlatforms) = postSolution
		{83349D85-B05F-4717-8136-03554C286339}.Debug|Any CPU.ActiveCfg = Debug|Any CPU
		{83349D85-B05F-4717-8136-03554C286339}.Debug|Any CPU.Build.0 = Debug|Any CPU
		{83349D85-B05F-4717-8136-03554C286339}.Release|Any CPU.ActiveCfg = Release|Any CPU
		{83349D85-B05F-4717-8136-03554C286339}.Release|Any CPU.Build.0 = Release|Any CPU
		{8A497DFC-DEDB-4BD6-B6B3-D66A47E2F2D5}.Debug|Any CPU.ActiveCfg = Debug|Any CPU
		{8A497DFC-DEDB-4BD6-B6B3-D66A47E2F2D5}.Debug|Any CPU.Build.0 = Debug|Any CPU
		{8A497DFC-DEDB-4BD6-B6B3-D66A47E2F2D5}.Release|Any CPU.ActiveCfg = Release|Any CPU
		{8A497DFC-DEDB-4BD6-B6B3-D66A47E2F2D5}.Release|Any CPU.Build.0 = Release|Any CPU
		{6D2FDAEA-E1CE-47CD-AA39-DBA18F5D8957}.Debug|Any CPU.ActiveCfg = Debug|Any CPU
		{6D2FDAEA-E1CE-47CD-AA39-DBA18F5D8957}.Debug|Any CPU.Build.0 = Debug|Any CPU
		{6D2FDAEA-E1CE-47CD-AA39-DBA18F5D8957}.Release|Any CPU.ActiveCfg = Release|Any CPU
		{6D2FDAEA-E1CE-47CD-AA39-DBA18F5D8957}.Release|Any CPU.Build.0 = Release|Any CPU
		{FC3FE491-6EB6-441A-A5A5-6F5141D14095}.Debug|Any CPU.ActiveCfg = Debug|Any CPU
		{FC3FE491-6EB6-441A-A5A5-6F5141D14095}.Debug|Any CPU.Build.0 = Debug|Any CPU
		{FC3FE491-6EB6-441A-A5A5-6F5141D14095}.Release|Any CPU.ActiveCfg = Release|Any CPU
		{FC3FE491-6EB6-441A-A5A5-6F5141D14095}.Release|Any CPU.Build.0 = Release|Any CPU
		{60EF688B-439A-4205-868D-44B5B7A669DD}.Debug|Any CPU.ActiveCfg = Debug|Any CPU
		{60EF688B-439A-4205-868D-44B5B7A669DD}.Debug|Any CPU.Build.0 = Debug|Any CPU
		{60EF688B-439A-4205-868D-44B5B7A669DD}.Release|Any CPU.ActiveCfg = Release|Any CPU
		{60EF688B-439A-4205-868D-44B5B7A669DD}.Release|Any CPU.Build.0 = Release|Any CPU
		{54AC9580-1C36-4541-83DA-88555A0E753D}.Debug|Any CPU.ActiveCfg = Debug|Any CPU
		{54AC9580-1C36-4541-83DA-88555A0E753D}.Debug|Any CPU.Build.0 = Debug|Any CPU
		{54AC9580-1C36-4541-83DA-88555A0E753D}.Release|Any CPU.ActiveCfg = Release|Any CPU
		{54AC9580-1C36-4541-83DA-88555A0E753D}.Release|Any CPU.Build.0 = Release|Any CPU
		{6993F966-A5F1-4DA3-98D9-830E3C9BD22C}.Debug|Any CPU.ActiveCfg = Debug|Any CPU
		{6993F966-A5F1-4DA3-98D9-830E3C9BD22C}.Debug|Any CPU.Build.0 = Debug|Any CPU
		{6993F966-A5F1-4DA3-98D9-830E3C9BD22C}.Release|Any CPU.ActiveCfg = Release|Any CPU
		{6993F966-A5F1-4DA3-98D9-830E3C9BD22C}.Release|Any CPU.Build.0 = Release|Any CPU
		{DD68148C-9B3A-41EE-A5AB-69E062EBFC7C}.Debug|Any CPU.ActiveCfg = Debug|Any CPU
		{DD68148C-9B3A-41EE-A5AB-69E062EBFC7C}.Debug|Any CPU.Build.0 = Debug|Any CPU
		{DD68148C-9B3A-41EE-A5AB-69E062EBFC7C}.Release|Any CPU.ActiveCfg = Release|Any CPU
		{DD68148C-9B3A-41EE-A5AB-69E062EBFC7C}.Release|Any CPU.Build.0 = Release|Any CPU
		{A54AD6B2-BC1C-41D5-8061-D73AA6426386}.Debug|Any CPU.ActiveCfg = Debug|Any CPU
		{A54AD6B2-BC1C-41D5-8061-D73AA6426386}.Debug|Any CPU.Build.0 = Debug|Any CPU
		{A54AD6B2-BC1C-41D5-8061-D73AA6426386}.Release|Any CPU.ActiveCfg = Release|Any CPU
		{A54AD6B2-BC1C-41D5-8061-D73AA6426386}.Release|Any CPU.Build.0 = Release|Any CPU
		{9C8CCF32-EC74-4633-8775-A627929D44E0}.Debug|Any CPU.ActiveCfg = Debug|Any CPU
		{9C8CCF32-EC74-4633-8775-A627929D44E0}.Debug|Any CPU.Build.0 = Debug|Any CPU
		{9C8CCF32-EC74-4633-8775-A627929D44E0}.Release|Any CPU.ActiveCfg = Release|Any CPU
		{9C8CCF32-EC74-4633-8775-A627929D44E0}.Release|Any CPU.Build.0 = Release|Any CPU
		{AAC49C3F-6A97-4504-A8E8-455AADE8062F}.Debug|Any CPU.ActiveCfg = Debug|Any CPU
		{AAC49C3F-6A97-4504-A8E8-455AADE8062F}.Debug|Any CPU.Build.0 = Debug|Any CPU
		{AAC49C3F-6A97-4504-A8E8-455AADE8062F}.Release|Any CPU.ActiveCfg = Release|Any CPU
		{AAC49C3F-6A97-4504-A8E8-455AADE8062F}.Release|Any CPU.Build.0 = Release|Any CPU
	EndGlobalSection
	GlobalSection(SolutionProperties) = preSolution
		HideSolutionNode = FALSE
	EndGlobalSection
	GlobalSection(NestedProjects) = preSolution
		{83349D85-B05F-4717-8136-03554C286339} = {C811A3B2-B60D-4C9F-98AE-64AA2DE51E1F}
		{8A497DFC-DEDB-4BD6-B6B3-D66A47E2F2D5} = {67B94990-DF3F-4573-A89A-95684DA4E728}
		{6D2FDAEA-E1CE-47CD-AA39-DBA18F5D8957} = {67B94990-DF3F-4573-A89A-95684DA4E728}
		{FC3FE491-6EB6-441A-A5A5-6F5141D14095} = {67B94990-DF3F-4573-A89A-95684DA4E728}
		{60EF688B-439A-4205-868D-44B5B7A669DD} = {C811A3B2-B60D-4C9F-98AE-64AA2DE51E1F}
		{54AC9580-1C36-4541-83DA-88555A0E753D} = {67B94990-DF3F-4573-A89A-95684DA4E728}
		{6993F966-A5F1-4DA3-98D9-830E3C9BD22C} = {3DE18C4D-0C04-4451-A468-E8300ADB07A9}
		{DD68148C-9B3A-41EE-A5AB-69E062EBFC7C} = {C811A3B2-B60D-4C9F-98AE-64AA2DE51E1F}
		{A54AD6B2-BC1C-41D5-8061-D73AA6426386} = {000FAC12-629F-4BAD-BA71-E267C3C64289}
		{9C8CCF32-EC74-4633-8775-A627929D44E0} = {000FAC12-629F-4BAD-BA71-E267C3C64289}
	EndGlobalSection
	GlobalSection(ExtensibilityGlobals) = postSolution
		SolutionGuid = {9089CF81-1A77-4AA1-A7D4-152871BF6F2A}
	EndGlobalSection
EndGlobal
